github.com/pkg/errors v0.9.1 h1:FEBLx1zS214owpjy7qsBeixbURkuhQAwrK5UwLGTwt4=
github.com/pkg/errors v0.9.1/go.mod h1:bwawxfHBFNV+L2hUp1rHADufV3IMtnDRdf1r5NINEl0=
go.step.sm/crypto v0.39.0 h1:3CzvUx3ckkTH8/7BgCcD7sV9US0GK8u9jcY7LEhZSeo=
go.step.sm/crypto v0.39.0/go.mod h1:VIzQPq0itJgQraTTICzud/E70Vi5M8Wm+mgBw5MsmRc=
